// !$*UTF8*$!
{
	archiveVersion = 1;
	classes = {
	};
	objectVersion = 46;
	objects = {

/* Begin PBXBuildFile section */
		130E0DAC182231770043E24F /* Tweet.m in Sources */ = {isa = PBXBuildFile; fileRef = 130E0DA9182231770043E24F /* Tweet.m */; };
		130E0DAD182231770043E24F /* User.m in Sources */ = {isa = PBXBuildFile; fileRef = 130E0DAB182231770043E24F /* User.m */; };
		130E0DB2182232490043E24F /* TweetCell.m in Sources */ = {isa = PBXBuildFile; fileRef = 130E0DB1182232490043E24F /* TweetCell.m */; };
		1344440F18276CB1001ECAF9 /* map.html in Resources */ = {isa = PBXBuildFile; fileRef = 1344440E18276CB1001ECAF9 /* map.html */; };
		13477C5D182244C2005AF7A6 /* TwitterClient.m in Sources */ = {isa = PBXBuildFile; fileRef = 13477C5C182244C2005AF7A6 /* TwitterClient.m */; };
		13477C6018224C1A005AF7A6 /* TweetCell.xib in Resources */ = {isa = PBXBuildFile; fileRef = 13477C5E18224C1A005AF7A6 /* TweetCell.xib */; };
		13477C6118224C1A005AF7A6 /* TwitterViewController.xib in Resources */ = {isa = PBXBuildFile; fileRef = 13477C5F18224C1A005AF7A6 /* TwitterViewController.xib */; };
		13477C6618224E3C005AF7A6 /* TrafficViewController.m in Sources */ = {isa = PBXBuildFile; fileRef = 13477C6418224E3C005AF7A6 /* TrafficViewController.m */; };
		13477C6718224E3C005AF7A6 /* TrafficViewController.xib in Resources */ = {isa = PBXBuildFile; fileRef = 13477C6518224E3C005AF7A6 /* TrafficViewController.xib */; };
		13477C6918224F0D005AF7A6 /* Social.framework in Frameworks */ = {isa = PBXBuildFile; fileRef = 13477C6818224F0D005AF7A6 /* Social.framework */; };
		13CFE382181F59A900946D84 /* ModuleController.m in Sources */ = {isa = PBXBuildFile; fileRef = 13CFE381181F59A900946D84 /* ModuleController.m */; };
		13CFE386181F5EAA00946D84 /* TwitterViewController.m in Sources */ = {isa = PBXBuildFile; fileRef = 13CFE385181F5EAA00946D84 /* TwitterViewController.m */; };
		90D1B7881826FDA800B633ED /* CalendarCell.m in Sources */ = {isa = PBXBuildFile; fileRef = 90D1B7831826FDA800B633ED /* CalendarCell.m */; };
		90D1B7891826FDA800B633ED /* CalendarCell.xib in Resources */ = {isa = PBXBuildFile; fileRef = 90D1B7841826FDA800B633ED /* CalendarCell.xib */; };
		90D1B78A1826FDA800B633ED /* CalendarListCell.m in Sources */ = {isa = PBXBuildFile; fileRef = 90D1B7861826FDA800B633ED /* CalendarListCell.m */; };
		90D1B78B1826FDA800B633ED /* CalendarListCell.xib in Resources */ = {isa = PBXBuildFile; fileRef = 90D1B7871826FDA800B633ED /* CalendarListCell.xib */; };
		90D1B7AD1826FE3E00B633ED /* ReminderModel.m in Sources */ = {isa = PBXBuildFile; fileRef = 90D1B7A21826FE3E00B633ED /* ReminderModel.m */; };
		90D1B7AE1826FE3E00B633ED /* ReminderSettingsView.m in Sources */ = {isa = PBXBuildFile; fileRef = 90D1B7A41826FE3E00B633ED /* ReminderSettingsView.m */; };
		90D1B7AF1826FE3E00B633ED /* ReminderSettingsView.xib in Resources */ = {isa = PBXBuildFile; fileRef = 90D1B7A51826FE3E00B633ED /* ReminderSettingsView.xib */; };
		90D1B7B01826FE3E00B633ED /* ReminderSettingsViewController.m in Sources */ = {isa = PBXBuildFile; fileRef = 90D1B7A71826FE3E00B633ED /* ReminderSettingsViewController.m */; };
		90D1B7B11826FE3E00B633ED /* ReminderView.m in Sources */ = {isa = PBXBuildFile; fileRef = 90D1B7A91826FE3E00B633ED /* ReminderView.m */; };
		90D1B7B21826FE3E00B633ED /* ReminderView.xib in Resources */ = {isa = PBXBuildFile; fileRef = 90D1B7AA1826FE3E00B633ED /* ReminderView.xib */; };
		90D1B7B31826FE3E00B633ED /* ReminderViewController.m in Sources */ = {isa = PBXBuildFile; fileRef = 90D1B7AC1826FE3E00B633ED /* ReminderViewController.m */; };
		A1859FD1978F475486A8D9F3 /* libPods.a in Frameworks */ = {isa = PBXBuildFile; fileRef = F54D0946EA044D879FB9B24D /* libPods.a */; };
		B54BA0A81818470600EA5A4F /* WeatherAPI.m in Sources */ = {isa = PBXBuildFile; fileRef = B54BA0A71818470600EA5A4F /* WeatherAPI.m */; };
		B54BA0AB18184C7500EA5A4F /* WeatherModel.m in Sources */ = {isa = PBXBuildFile; fileRef = B54BA0AA18184C7500EA5A4F /* WeatherModel.m */; };
		B54BA0AE18184CC500EA5A4F /* WeatherSettingsView.m in Sources */ = {isa = PBXBuildFile; fileRef = B54BA0AD18184CC500EA5A4F /* WeatherSettingsView.m */; };
		B54BA0B118184CF400EA5A4F /* WeatherView.m in Sources */ = {isa = PBXBuildFile; fileRef = B54BA0B018184CF400EA5A4F /* WeatherView.m */; };
		B54BA0B318184D3400EA5A4F /* WeatherSettingsView.xib in Resources */ = {isa = PBXBuildFile; fileRef = B54BA0B218184D3400EA5A4F /* WeatherSettingsView.xib */; };
		B54BA0B518184D4200EA5A4F /* WeatherView.xib in Resources */ = {isa = PBXBuildFile; fileRef = B54BA0B418184D4200EA5A4F /* WeatherView.xib */; };
		B576B96F182640AD006E3E57 /* CalendarSettingsView.m in Sources */ = {isa = PBXBuildFile; fileRef = B576B958182640AD006E3E57 /* CalendarSettingsView.m */; };
		B576B970182640AD006E3E57 /* CalendarSettingsView.xib in Resources */ = {isa = PBXBuildFile; fileRef = B576B959182640AD006E3E57 /* CalendarSettingsView.xib */; };
		B576B971182640AD006E3E57 /* CalendarSettingsViewController.m in Sources */ = {isa = PBXBuildFile; fileRef = B576B95B182640AD006E3E57 /* CalendarSettingsViewController.m */; };
		B576B972182640AD006E3E57 /* CalendarView.m in Sources */ = {isa = PBXBuildFile; fileRef = B576B95D182640AD006E3E57 /* CalendarView.m */; };
		B576B973182640AD006E3E57 /* CalendarView.xib in Resources */ = {isa = PBXBuildFile; fileRef = B576B95E182640AD006E3E57 /* CalendarView.xib */; };
		B576B974182640AD006E3E57 /* CalendarViewController.m in Sources */ = {isa = PBXBuildFile; fileRef = B576B960182640AD006E3E57 /* CalendarViewController.m */; };
		B5ACBC39181B64960015FBC3 /* Forecast.m in Sources */ = {isa = PBXBuildFile; fileRef = B5ACBC38181B64960015FBC3 /* Forecast.m */; };
		B5ACBD07181C9B220015FBC3 /* DevelopmentVC.m in Sources */ = {isa = PBXBuildFile; fileRef = B5ACBD06181C9B220015FBC3 /* DevelopmentVC.m */; };
		B5ACBD09181C9B360015FBC3 /* DevelopmentVC.xib in Resources */ = {isa = PBXBuildFile; fileRef = B5ACBD08181C9B360015FBC3 /* DevelopmentVC.xib */; };
		B5ACBD0C181CAFF20015FBC3 /* WeatherViewController.m in Sources */ = {isa = PBXBuildFile; fileRef = B5ACBD0B181CAFF20015FBC3 /* WeatherViewController.m */; };
		B5ACBE0F181E1E820015FBC3 /* HourlyForecastView.m in Sources */ = {isa = PBXBuildFile; fileRef = B5ACBE0E181E1E820015FBC3 /* HourlyForecastView.m */; };
		B5ACBE13181E1EB00015FBC3 /* HourlyForecastView.xib in Resources */ = {isa = PBXBuildFile; fileRef = B5ACBE12181E1EB00015FBC3 /* HourlyForecastView.xib */; };
		B5ACBE17181E42CE0015FBC3 /* png in Resources */ = {isa = PBXBuildFile; fileRef = B5ACBE16181E42CE0015FBC3 /* png */; };
		D890E0856743A5EB074C2BC4 /* CountdownSettingsView.m in Sources */ = {isa = PBXBuildFile; fileRef = D890E2E2B51A7B642982945C /* CountdownSettingsView.m */; };
		D890E27E7293CF6DE3A2CF09 /* CountdownSettingsView.xib in Resources */ = {isa = PBXBuildFile; fileRef = D890EB80D97DA49862495E4F /* CountdownSettingsView.xib */; };
		D890E34EDF3CA125B95ECE8C /* CountdownView.xib in Resources */ = {isa = PBXBuildFile; fileRef = D890EB593EC1CBFD393D9A31 /* CountdownView.xib */; };
		D890E45231B5F8FBF31EF79F /* CountdownView.m in Sources */ = {isa = PBXBuildFile; fileRef = D890E04CD9A2B84B0D039366 /* CountdownView.m */; };
		D890E95B0BAB03EE6DD660CF /* CountdownModel.m in Sources */ = {isa = PBXBuildFile; fileRef = D890E80089732D7667361090 /* CountdownModel.m */; };
		D890EEA96C49CF653D73CEA4 /* CountdownViewController.m in Sources */ = {isa = PBXBuildFile; fileRef = D890EB1B418A966411F9ED9D /* CountdownViewController.m */; };
		D890EF09560E11A2D82BCE7E /* CountdownSettingsViewController.m in Sources */ = {isa = PBXBuildFile; fileRef = D890EF59CE0CBD695D4B372D /* CountdownSettingsViewController.m */; };
		DE3F7F891810D3400062126A /* Foundation.framework in Frameworks */ = {isa = PBXBuildFile; fileRef = DE3F7F881810D3400062126A /* Foundation.framework */; };
		DE3F7F8B1810D3400062126A /* CoreGraphics.framework in Frameworks */ = {isa = PBXBuildFile; fileRef = DE3F7F8A1810D3400062126A /* CoreGraphics.framework */; };
		DE3F7F8D1810D3400062126A /* UIKit.framework in Frameworks */ = {isa = PBXBuildFile; fileRef = DE3F7F8C1810D3400062126A /* UIKit.framework */; };
		DE3F7F931810D3400062126A /* InfoPlist.strings in Resources */ = {isa = PBXBuildFile; fileRef = DE3F7F911810D3400062126A /* InfoPlist.strings */; };
		DE3F7F951810D3400062126A /* main.m in Sources */ = {isa = PBXBuildFile; fileRef = DE3F7F941810D3400062126A /* main.m */; };
		DE3F7F991810D3400062126A /* AppDelegate.m in Sources */ = {isa = PBXBuildFile; fileRef = DE3F7F981810D3400062126A /* AppDelegate.m */; };
		DE3F7F9B1810D3400062126A /* Images.xcassets in Resources */ = {isa = PBXBuildFile; fileRef = DE3F7F9A1810D3400062126A /* Images.xcassets */; };
		DE3F7FA21810D3400062126A /* XCTest.framework in Frameworks */ = {isa = PBXBuildFile; fileRef = DE3F7FA11810D3400062126A /* XCTest.framework */; };
		DE3F7FA31810D3400062126A /* Foundation.framework in Frameworks */ = {isa = PBXBuildFile; fileRef = DE3F7F881810D3400062126A /* Foundation.framework */; };
		DE3F7FA41810D3400062126A /* UIKit.framework in Frameworks */ = {isa = PBXBuildFile; fileRef = DE3F7F8C1810D3400062126A /* UIKit.framework */; };
		DE3F7FAC1810D3400062126A /* InfoPlist.strings in Resources */ = {isa = PBXBuildFile; fileRef = DE3F7FAA1810D3400062126A /* InfoPlist.strings */; };
		DE3F7FAE1810D3400062126A /* GoodMorningTests.m in Sources */ = {isa = PBXBuildFile; fileRef = DE3F7FAD1810D3400062126A /* GoodMorningTests.m */; };
/* End PBXBuildFile section */

/* Begin PBXContainerItemProxy section */
		DE3F7FA51810D3400062126A /* PBXContainerItemProxy */ = {
			isa = PBXContainerItemProxy;
			containerPortal = DE3F7F7D1810D3400062126A /* Project object */;
			proxyType = 1;
			remoteGlobalIDString = DE3F7F841810D3400062126A;
			remoteInfo = GoodMorning;
		};
/* End PBXContainerItemProxy section */

/* Begin PBXFileReference section */
		130E0DA8182231770043E24F /* Tweet.h */ = {isa = PBXFileReference; fileEncoding = 4; lastKnownFileType = sourcecode.c.h; name = Tweet.h; path = Twitter/Tweet.h; sourceTree = "<group>"; };
		130E0DA9182231770043E24F /* Tweet.m */ = {isa = PBXFileReference; fileEncoding = 4; lastKnownFileType = sourcecode.c.objc; name = Tweet.m; path = Twitter/Tweet.m; sourceTree = "<group>"; };
		130E0DAA182231770043E24F /* User.h */ = {isa = PBXFileReference; fileEncoding = 4; lastKnownFileType = sourcecode.c.h; name = User.h; path = Twitter/User.h; sourceTree = "<group>"; };
		130E0DAB182231770043E24F /* User.m */ = {isa = PBXFileReference; fileEncoding = 4; lastKnownFileType = sourcecode.c.objc; name = User.m; path = Twitter/User.m; sourceTree = "<group>"; };
		130E0DB0182232490043E24F /* TweetCell.h */ = {isa = PBXFileReference; fileEncoding = 4; lastKnownFileType = sourcecode.c.h; name = TweetCell.h; path = Twitter/TweetCell.h; sourceTree = "<group>"; };
		130E0DB1182232490043E24F /* TweetCell.m */ = {isa = PBXFileReference; fileEncoding = 4; lastKnownFileType = sourcecode.c.objc; name = TweetCell.m; path = Twitter/TweetCell.m; sourceTree = "<group>"; };
		1344440E18276CB1001ECAF9 /* map.html */ = {isa = PBXFileReference; fileEncoding = 4; lastKnownFileType = text.html; path = map.html; sourceTree = "<group>"; };
		13477C5B182244C2005AF7A6 /* TwitterClient.h */ = {isa = PBXFileReference; fileEncoding = 4; lastKnownFileType = sourcecode.c.h; name = TwitterClient.h; path = Twitter/TwitterClient.h; sourceTree = "<group>"; };
		13477C5C182244C2005AF7A6 /* TwitterClient.m */ = {isa = PBXFileReference; fileEncoding = 4; lastKnownFileType = sourcecode.c.objc; name = TwitterClient.m; path = Twitter/TwitterClient.m; sourceTree = "<group>"; };
		13477C5E18224C1A005AF7A6 /* TweetCell.xib */ = {isa = PBXFileReference; fileEncoding = 4; lastKnownFileType = file.xib; name = TweetCell.xib; path = Twitter/TweetCell.xib; sourceTree = "<group>"; };
		13477C5F18224C1A005AF7A6 /* TwitterViewController.xib */ = {isa = PBXFileReference; fileEncoding = 4; lastKnownFileType = file.xib; name = TwitterViewController.xib; path = Twitter/TwitterViewController.xib; sourceTree = "<group>"; };
		13477C6318224E3C005AF7A6 /* TrafficViewController.h */ = {isa = PBXFileReference; fileEncoding = 4; lastKnownFileType = sourcecode.c.h; name = TrafficViewController.h; path = Traffic/TrafficViewController.h; sourceTree = "<group>"; };
		13477C6418224E3C005AF7A6 /* TrafficViewController.m */ = {isa = PBXFileReference; fileEncoding = 4; lastKnownFileType = sourcecode.c.objc; name = TrafficViewController.m; path = Traffic/TrafficViewController.m; sourceTree = "<group>"; };
		13477C6518224E3C005AF7A6 /* TrafficViewController.xib */ = {isa = PBXFileReference; fileEncoding = 4; lastKnownFileType = file.xib; name = TrafficViewController.xib; path = Traffic/TrafficViewController.xib; sourceTree = "<group>"; };
		13477C6818224F0D005AF7A6 /* Social.framework */ = {isa = PBXFileReference; lastKnownFileType = wrapper.framework; name = Social.framework; path = System/Library/Frameworks/Social.framework; sourceTree = SDKROOT; };
		13477C6A18224F35005AF7A6 /* MapKit.framework */ = {isa = PBXFileReference; lastKnownFileType = wrapper.framework; name = MapKit.framework; path = System/Library/Frameworks/MapKit.framework; sourceTree = SDKROOT; };
		13CFE380181F59A900946D84 /* ModuleController.h */ = {isa = PBXFileReference; fileEncoding = 4; lastKnownFileType = sourcecode.c.h; path = ModuleController.h; sourceTree = "<group>"; };
		13CFE381181F59A900946D84 /* ModuleController.m */ = {isa = PBXFileReference; fileEncoding = 4; lastKnownFileType = sourcecode.c.objc; path = ModuleController.m; sourceTree = "<group>"; };
		13CFE384181F5EAA00946D84 /* TwitterViewController.h */ = {isa = PBXFileReference; fileEncoding = 4; lastKnownFileType = sourcecode.c.h; name = TwitterViewController.h; path = Twitter/TwitterViewController.h; sourceTree = "<group>"; };
		13CFE385181F5EAA00946D84 /* TwitterViewController.m */ = {isa = PBXFileReference; fileEncoding = 4; lastKnownFileType = sourcecode.c.objc; name = TwitterViewController.m; path = Twitter/TwitterViewController.m; sourceTree = "<group>"; };
		90D1B7821826FDA800B633ED /* CalendarCell.h */ = {isa = PBXFileReference; fileEncoding = 4; lastKnownFileType = sourcecode.c.h; path = CalendarCell.h; sourceTree = "<group>"; };
		90D1B7831826FDA800B633ED /* CalendarCell.m */ = {isa = PBXFileReference; fileEncoding = 4; lastKnownFileType = sourcecode.c.objc; path = CalendarCell.m; sourceTree = "<group>"; };
		90D1B7841826FDA800B633ED /* CalendarCell.xib */ = {isa = PBXFileReference; fileEncoding = 4; lastKnownFileType = file.xib; path = CalendarCell.xib; sourceTree = "<group>"; };
		90D1B7851826FDA800B633ED /* CalendarListCell.h */ = {isa = PBXFileReference; fileEncoding = 4; lastKnownFileType = sourcecode.c.h; path = CalendarListCell.h; sourceTree = "<group>"; };
		90D1B7861826FDA800B633ED /* CalendarListCell.m */ = {isa = PBXFileReference; fileEncoding = 4; lastKnownFileType = sourcecode.c.objc; path = CalendarListCell.m; sourceTree = "<group>"; };
		90D1B7871826FDA800B633ED /* CalendarListCell.xib */ = {isa = PBXFileReference; fileEncoding = 4; lastKnownFileType = file.xib; path = CalendarListCell.xib; sourceTree = "<group>"; };
		90D1B7A11826FE3E00B633ED /* ReminderModel.h */ = {isa = PBXFileReference; fileEncoding = 4; lastKnownFileType = sourcecode.c.h; path = ReminderModel.h; sourceTree = "<group>"; };
		90D1B7A21826FE3E00B633ED /* ReminderModel.m */ = {isa = PBXFileReference; fileEncoding = 4; lastKnownFileType = sourcecode.c.objc; path = ReminderModel.m; sourceTree = "<group>"; };
		90D1B7A31826FE3E00B633ED /* ReminderSettingsView.h */ = {isa = PBXFileReference; fileEncoding = 4; lastKnownFileType = sourcecode.c.h; path = ReminderSettingsView.h; sourceTree = "<group>"; };
		90D1B7A41826FE3E00B633ED /* ReminderSettingsView.m */ = {isa = PBXFileReference; fileEncoding = 4; lastKnownFileType = sourcecode.c.objc; path = ReminderSettingsView.m; sourceTree = "<group>"; };
		90D1B7A51826FE3E00B633ED /* ReminderSettingsView.xib */ = {isa = PBXFileReference; fileEncoding = 4; lastKnownFileType = file.xib; path = ReminderSettingsView.xib; sourceTree = "<group>"; };
		90D1B7A61826FE3E00B633ED /* ReminderSettingsViewController.h */ = {isa = PBXFileReference; fileEncoding = 4; lastKnownFileType = sourcecode.c.h; path = ReminderSettingsViewController.h; sourceTree = "<group>"; };
		90D1B7A71826FE3E00B633ED /* ReminderSettingsViewController.m */ = {isa = PBXFileReference; fileEncoding = 4; lastKnownFileType = sourcecode.c.objc; path = ReminderSettingsViewController.m; sourceTree = "<group>"; };
		90D1B7A81826FE3E00B633ED /* ReminderView.h */ = {isa = PBXFileReference; fileEncoding = 4; lastKnownFileType = sourcecode.c.h; path = ReminderView.h; sourceTree = "<group>"; };
		90D1B7A91826FE3E00B633ED /* ReminderView.m */ = {isa = PBXFileReference; fileEncoding = 4; lastKnownFileType = sourcecode.c.objc; path = ReminderView.m; sourceTree = "<group>"; };
		90D1B7AA1826FE3E00B633ED /* ReminderView.xib */ = {isa = PBXFileReference; fileEncoding = 4; lastKnownFileType = file.xib; path = ReminderView.xib; sourceTree = "<group>"; };
		90D1B7AB1826FE3E00B633ED /* ReminderViewController.h */ = {isa = PBXFileReference; fileEncoding = 4; lastKnownFileType = sourcecode.c.h; path = ReminderViewController.h; sourceTree = "<group>"; };
		90D1B7AC1826FE3E00B633ED /* ReminderViewController.m */ = {isa = PBXFileReference; fileEncoding = 4; lastKnownFileType = sourcecode.c.objc; path = ReminderViewController.m; sourceTree = "<group>"; };
		B54BA0A61818470600EA5A4F /* WeatherAPI.h */ = {isa = PBXFileReference; fileEncoding = 4; lastKnownFileType = sourcecode.c.h; path = WeatherAPI.h; sourceTree = "<group>"; };
		B54BA0A71818470600EA5A4F /* WeatherAPI.m */ = {isa = PBXFileReference; fileEncoding = 4; lastKnownFileType = sourcecode.c.objc; path = WeatherAPI.m; sourceTree = "<group>"; };
		B54BA0A918184C7500EA5A4F /* WeatherModel.h */ = {isa = PBXFileReference; fileEncoding = 4; lastKnownFileType = sourcecode.c.h; path = WeatherModel.h; sourceTree = "<group>"; };
		B54BA0AA18184C7500EA5A4F /* WeatherModel.m */ = {isa = PBXFileReference; fileEncoding = 4; lastKnownFileType = sourcecode.c.objc; path = WeatherModel.m; sourceTree = "<group>"; };
		B54BA0AC18184CC500EA5A4F /* WeatherSettingsView.h */ = {isa = PBXFileReference; fileEncoding = 4; lastKnownFileType = sourcecode.c.h; path = WeatherSettingsView.h; sourceTree = "<group>"; };
		B54BA0AD18184CC500EA5A4F /* WeatherSettingsView.m */ = {isa = PBXFileReference; fileEncoding = 4; lastKnownFileType = sourcecode.c.objc; path = WeatherSettingsView.m; sourceTree = "<group>"; };
		B54BA0AF18184CF400EA5A4F /* WeatherView.h */ = {isa = PBXFileReference; fileEncoding = 4; lastKnownFileType = sourcecode.c.h; path = WeatherView.h; sourceTree = "<group>"; };
		B54BA0B018184CF400EA5A4F /* WeatherView.m */ = {isa = PBXFileReference; fileEncoding = 4; lastKnownFileType = sourcecode.c.objc; path = WeatherView.m; sourceTree = "<group>"; };
		B54BA0B218184D3400EA5A4F /* WeatherSettingsView.xib */ = {isa = PBXFileReference; fileEncoding = 4; lastKnownFileType = file.xib; path = WeatherSettingsView.xib; sourceTree = "<group>"; };
		B54BA0B418184D4200EA5A4F /* WeatherView.xib */ = {isa = PBXFileReference; fileEncoding = 4; lastKnownFileType = file.xib; path = WeatherView.xib; sourceTree = "<group>"; };
		B576B957182640AD006E3E57 /* CalendarSettingsView.h */ = {isa = PBXFileReference; fileEncoding = 4; lastKnownFileType = sourcecode.c.h; path = CalendarSettingsView.h; sourceTree = "<group>"; };
		B576B958182640AD006E3E57 /* CalendarSettingsView.m */ = {isa = PBXFileReference; fileEncoding = 4; lastKnownFileType = sourcecode.c.objc; path = CalendarSettingsView.m; sourceTree = "<group>"; };
		B576B959182640AD006E3E57 /* CalendarSettingsView.xib */ = {isa = PBXFileReference; fileEncoding = 4; lastKnownFileType = file.xib; path = CalendarSettingsView.xib; sourceTree = "<group>"; };
		B576B95A182640AD006E3E57 /* CalendarSettingsViewController.h */ = {isa = PBXFileReference; fileEncoding = 4; lastKnownFileType = sourcecode.c.h; path = CalendarSettingsViewController.h; sourceTree = "<group>"; };
		B576B95B182640AD006E3E57 /* CalendarSettingsViewController.m */ = {isa = PBXFileReference; fileEncoding = 4; lastKnownFileType = sourcecode.c.objc; path = CalendarSettingsViewController.m; sourceTree = "<group>"; };
		B576B95C182640AD006E3E57 /* CalendarView.h */ = {isa = PBXFileReference; fileEncoding = 4; lastKnownFileType = sourcecode.c.h; path = CalendarView.h; sourceTree = "<group>"; };
		B576B95D182640AD006E3E57 /* CalendarView.m */ = {isa = PBXFileReference; fileEncoding = 4; lastKnownFileType = sourcecode.c.objc; path = CalendarView.m; sourceTree = "<group>"; };
		B576B95E182640AD006E3E57 /* CalendarView.xib */ = {isa = PBXFileReference; fileEncoding = 4; lastKnownFileType = file.xib; path = CalendarView.xib; sourceTree = "<group>"; };
		B576B95F182640AD006E3E57 /* CalendarViewController.h */ = {isa = PBXFileReference; fileEncoding = 4; lastKnownFileType = sourcecode.c.h; path = CalendarViewController.h; sourceTree = "<group>"; };
		B576B960182640AD006E3E57 /* CalendarViewController.m */ = {isa = PBXFileReference; fileEncoding = 4; lastKnownFileType = sourcecode.c.objc; path = CalendarViewController.m; sourceTree = "<group>"; };
		B5ACBC37181B64960015FBC3 /* Forecast.h */ = {isa = PBXFileReference; fileEncoding = 4; lastKnownFileType = sourcecode.c.h; path = Forecast.h; sourceTree = "<group>"; };
		B5ACBC38181B64960015FBC3 /* Forecast.m */ = {isa = PBXFileReference; fileEncoding = 4; lastKnownFileType = sourcecode.c.objc; path = Forecast.m; sourceTree = "<group>"; };
		B5ACBD05181C9B220015FBC3 /* DevelopmentVC.h */ = {isa = PBXFileReference; fileEncoding = 4; lastKnownFileType = sourcecode.c.h; path = DevelopmentVC.h; sourceTree = "<group>"; };
		B5ACBD06181C9B220015FBC3 /* DevelopmentVC.m */ = {isa = PBXFileReference; fileEncoding = 4; lastKnownFileType = sourcecode.c.objc; path = DevelopmentVC.m; sourceTree = "<group>"; };
		B5ACBD08181C9B360015FBC3 /* DevelopmentVC.xib */ = {isa = PBXFileReference; fileEncoding = 4; lastKnownFileType = file.xib; path = DevelopmentVC.xib; sourceTree = "<group>"; };
		B5ACBD0A181CAFF20015FBC3 /* WeatherViewController.h */ = {isa = PBXFileReference; fileEncoding = 4; lastKnownFileType = sourcecode.c.h; path = WeatherViewController.h; sourceTree = "<group>"; };
		B5ACBD0B181CAFF20015FBC3 /* WeatherViewController.m */ = {isa = PBXFileReference; fileEncoding = 4; lastKnownFileType = sourcecode.c.objc; path = WeatherViewController.m; sourceTree = "<group>"; };
		B5ACBE0D181E1E820015FBC3 /* HourlyForecastView.h */ = {isa = PBXFileReference; fileEncoding = 4; lastKnownFileType = sourcecode.c.h; path = HourlyForecastView.h; sourceTree = "<group>"; };
		B5ACBE0E181E1E820015FBC3 /* HourlyForecastView.m */ = {isa = PBXFileReference; fileEncoding = 4; lastKnownFileType = sourcecode.c.objc; path = HourlyForecastView.m; sourceTree = "<group>"; };
		B5ACBE12181E1EB00015FBC3 /* HourlyForecastView.xib */ = {isa = PBXFileReference; fileEncoding = 4; lastKnownFileType = file.xib; path = HourlyForecastView.xib; sourceTree = "<group>"; };
		B5ACBE16181E42CE0015FBC3 /* png */ = {isa = PBXFileReference; lastKnownFileType = folder; path = png; sourceTree = "<group>"; };
		D890E04CD9A2B84B0D039366 /* CountdownView.m */ = {isa = PBXFileReference; fileEncoding = 4; lastKnownFileType = sourcecode.c.objc; path = CountdownView.m; sourceTree = "<group>"; };
		D890E05E195DF9D554735FE5 /* CountdownView.h */ = {isa = PBXFileReference; fileEncoding = 4; lastKnownFileType = sourcecode.c.h; path = CountdownView.h; sourceTree = "<group>"; };
		D890E1D15D73E1000C57E929 /* CountdownSettingsViewController.h */ = {isa = PBXFileReference; fileEncoding = 4; lastKnownFileType = sourcecode.c.h; path = CountdownSettingsViewController.h; sourceTree = "<group>"; };
		D890E22169E8C72960C0B2B6 /* CountdownModel.h */ = {isa = PBXFileReference; fileEncoding = 4; lastKnownFileType = sourcecode.c.h; path = CountdownModel.h; sourceTree = "<group>"; };
		D890E2343F16DF80F4C9F577 /* CountdownSettingsView.h */ = {isa = PBXFileReference; fileEncoding = 4; lastKnownFileType = sourcecode.c.h; path = CountdownSettingsView.h; sourceTree = "<group>"; };
		D890E2E2B51A7B642982945C /* CountdownSettingsView.m */ = {isa = PBXFileReference; fileEncoding = 4; lastKnownFileType = sourcecode.c.objc; path = CountdownSettingsView.m; sourceTree = "<group>"; };
		D890E3E5A73DB6CE07FF0F19 /* CountdownViewController.h */ = {isa = PBXFileReference; fileEncoding = 4; lastKnownFileType = sourcecode.c.h; path = CountdownViewController.h; sourceTree = "<group>"; };
		D890E80089732D7667361090 /* CountdownModel.m */ = {isa = PBXFileReference; fileEncoding = 4; lastKnownFileType = sourcecode.c.objc; path = CountdownModel.m; sourceTree = "<group>"; };
		D890EB1B418A966411F9ED9D /* CountdownViewController.m */ = {isa = PBXFileReference; fileEncoding = 4; lastKnownFileType = sourcecode.c.objc; path = CountdownViewController.m; sourceTree = "<group>"; };
		D890EB593EC1CBFD393D9A31 /* CountdownView.xib */ = {isa = PBXFileReference; lastKnownFileType = file.xib; path = CountdownView.xib; sourceTree = "<group>"; };
		D890EB80D97DA49862495E4F /* CountdownSettingsView.xib */ = {isa = PBXFileReference; lastKnownFileType = file.xib; path = CountdownSettingsView.xib; sourceTree = "<group>"; };
		D890EF59CE0CBD695D4B372D /* CountdownSettingsViewController.m */ = {isa = PBXFileReference; fileEncoding = 4; lastKnownFileType = sourcecode.c.objc; path = CountdownSettingsViewController.m; sourceTree = "<group>"; };
		DE3F7F851810D3400062126A /* GoodMorning.app */ = {isa = PBXFileReference; explicitFileType = wrapper.application; includeInIndex = 0; path = GoodMorning.app; sourceTree = BUILT_PRODUCTS_DIR; };
		DE3F7F881810D3400062126A /* Foundation.framework */ = {isa = PBXFileReference; lastKnownFileType = wrapper.framework; name = Foundation.framework; path = System/Library/Frameworks/Foundation.framework; sourceTree = SDKROOT; };
		DE3F7F8A1810D3400062126A /* CoreGraphics.framework */ = {isa = PBXFileReference; lastKnownFileType = wrapper.framework; name = CoreGraphics.framework; path = System/Library/Frameworks/CoreGraphics.framework; sourceTree = SDKROOT; };
		DE3F7F8C1810D3400062126A /* UIKit.framework */ = {isa = PBXFileReference; lastKnownFileType = wrapper.framework; name = UIKit.framework; path = System/Library/Frameworks/UIKit.framework; sourceTree = SDKROOT; };
		DE3F7F901810D3400062126A /* GoodMorning-Info.plist */ = {isa = PBXFileReference; lastKnownFileType = text.plist.xml; path = "GoodMorning-Info.plist"; sourceTree = "<group>"; };
		DE3F7F921810D3400062126A /* en */ = {isa = PBXFileReference; lastKnownFileType = text.plist.strings; name = en; path = en.lproj/InfoPlist.strings; sourceTree = "<group>"; };
		DE3F7F941810D3400062126A /* main.m */ = {isa = PBXFileReference; lastKnownFileType = sourcecode.c.objc; path = main.m; sourceTree = "<group>"; };
		DE3F7F961810D3400062126A /* GoodMorning-Prefix.pch */ = {isa = PBXFileReference; lastKnownFileType = sourcecode.c.h; path = "GoodMorning-Prefix.pch"; sourceTree = "<group>"; };
		DE3F7F971810D3400062126A /* AppDelegate.h */ = {isa = PBXFileReference; lastKnownFileType = sourcecode.c.h; path = AppDelegate.h; sourceTree = "<group>"; };
		DE3F7F981810D3400062126A /* AppDelegate.m */ = {isa = PBXFileReference; lastKnownFileType = sourcecode.c.objc; path = AppDelegate.m; sourceTree = "<group>"; };
		DE3F7F9A1810D3400062126A /* Images.xcassets */ = {isa = PBXFileReference; lastKnownFileType = folder.assetcatalog; path = Images.xcassets; sourceTree = "<group>"; };
		DE3F7FA01810D3400062126A /* GoodMorningTests.xctest */ = {isa = PBXFileReference; explicitFileType = wrapper.cfbundle; includeInIndex = 0; path = GoodMorningTests.xctest; sourceTree = BUILT_PRODUCTS_DIR; };
		DE3F7FA11810D3400062126A /* XCTest.framework */ = {isa = PBXFileReference; lastKnownFileType = wrapper.framework; name = XCTest.framework; path = Library/Frameworks/XCTest.framework; sourceTree = DEVELOPER_DIR; };
		DE3F7FA91810D3400062126A /* GoodMorningTests-Info.plist */ = {isa = PBXFileReference; lastKnownFileType = text.plist.xml; path = "GoodMorningTests-Info.plist"; sourceTree = "<group>"; };
		DE3F7FAB1810D3400062126A /* en */ = {isa = PBXFileReference; lastKnownFileType = text.plist.strings; name = en; path = en.lproj/InfoPlist.strings; sourceTree = "<group>"; };
		DE3F7FAD1810D3400062126A /* GoodMorningTests.m */ = {isa = PBXFileReference; lastKnownFileType = sourcecode.c.objc; path = GoodMorningTests.m; sourceTree = "<group>"; };
		F54D0946EA044D879FB9B24D /* libPods.a */ = {isa = PBXFileReference; explicitFileType = archive.ar; includeInIndex = 0; path = libPods.a; sourceTree = BUILT_PRODUCTS_DIR; };
		FF9D1F57C73C4B4FAF1A5FB5 /* Pods.xcconfig */ = {isa = PBXFileReference; includeInIndex = 1; lastKnownFileType = text.xcconfig; name = Pods.xcconfig; path = Pods/Pods.xcconfig; sourceTree = "<group>"; };
/* End PBXFileReference section */

/* Begin PBXFrameworksBuildPhase section */
		DE3F7F821810D3400062126A /* Frameworks */ = {
			isa = PBXFrameworksBuildPhase;
			buildActionMask = 2147483647;
			files = (
				13477C6918224F0D005AF7A6 /* Social.framework in Frameworks */,
				DE3F7F8B1810D3400062126A /* CoreGraphics.framework in Frameworks */,
				DE3F7F8D1810D3400062126A /* UIKit.framework in Frameworks */,
				DE3F7F891810D3400062126A /* Foundation.framework in Frameworks */,
				A1859FD1978F475486A8D9F3 /* libPods.a in Frameworks */,
			);
			runOnlyForDeploymentPostprocessing = 0;
		};
		DE3F7F9D1810D3400062126A /* Frameworks */ = {
			isa = PBXFrameworksBuildPhase;
			buildActionMask = 2147483647;
			files = (
				DE3F7FA21810D3400062126A /* XCTest.framework in Frameworks */,
				DE3F7FA41810D3400062126A /* UIKit.framework in Frameworks */,
				DE3F7FA31810D3400062126A /* Foundation.framework in Frameworks */,
			);
			runOnlyForDeploymentPostprocessing = 0;
		};
/* End PBXFrameworksBuildPhase section */

/* Begin PBXGroup section */
		13477C6218224E22005AF7A6 /* Traffic */ = {
			isa = PBXGroup;
			children = (
				13477C6318224E3C005AF7A6 /* TrafficViewController.h */,
				13477C6418224E3C005AF7A6 /* TrafficViewController.m */,
				13477C6518224E3C005AF7A6 /* TrafficViewController.xib */,
				1344440E18276CB1001ECAF9 /* map.html */,
			);
			name = Traffic;
			sourceTree = "<group>";
		};
		13CFE383181F5E6000946D84 /* Twitter */ = {
			isa = PBXGroup;
			children = (
				130E0DA8182231770043E24F /* Tweet.h */,
				130E0DA9182231770043E24F /* Tweet.m */,
				130E0DAA182231770043E24F /* User.h */,
				130E0DAB182231770043E24F /* User.m */,
				13477C5B182244C2005AF7A6 /* TwitterClient.h */,
				13477C5C182244C2005AF7A6 /* TwitterClient.m */,
				130E0DB0182232490043E24F /* TweetCell.h */,
				130E0DB1182232490043E24F /* TweetCell.m */,
				13477C5E18224C1A005AF7A6 /* TweetCell.xib */,
				13CFE384181F5EAA00946D84 /* TwitterViewController.h */,
				13CFE385181F5EAA00946D84 /* TwitterViewController.m */,
				13477C5F18224C1A005AF7A6 /* TwitterViewController.xib */,
			);
			name = Twitter;
			sourceTree = "<group>";
		};
		90D1B7A01826FE3E00B633ED /* Reminders */ = {
			isa = PBXGroup;
			children = (
				90D1B7A11826FE3E00B633ED /* ReminderModel.h */,
				90D1B7A21826FE3E00B633ED /* ReminderModel.m */,
				90D1B7A31826FE3E00B633ED /* ReminderSettingsView.h */,
				90D1B7A41826FE3E00B633ED /* ReminderSettingsView.m */,
				90D1B7A51826FE3E00B633ED /* ReminderSettingsView.xib */,
				90D1B7A61826FE3E00B633ED /* ReminderSettingsViewController.h */,
				90D1B7A71826FE3E00B633ED /* ReminderSettingsViewController.m */,
				90D1B7A81826FE3E00B633ED /* ReminderView.h */,
				90D1B7A91826FE3E00B633ED /* ReminderView.m */,
				90D1B7AA1826FE3E00B633ED /* ReminderView.xib */,
				90D1B7AB1826FE3E00B633ED /* ReminderViewController.h */,
				90D1B7AC1826FE3E00B633ED /* ReminderViewController.m */,
			);
			path = Reminders;
			sourceTree = "<group>";
		};
		B54BA0A51818466E00EA5A4F /* Weather */ = {
			isa = PBXGroup;
			children = (
				B5ACBD0F181D8EB70015FBC3 /* Icons */,
				B54BA0A61818470600EA5A4F /* WeatherAPI.h */,
				B54BA0A71818470600EA5A4F /* WeatherAPI.m */,
				B54BA0A918184C7500EA5A4F /* WeatherModel.h */,
				B54BA0AA18184C7500EA5A4F /* WeatherModel.m */,
				B5ACBC37181B64960015FBC3 /* Forecast.h */,
				B5ACBC38181B64960015FBC3 /* Forecast.m */,
				B54BA0AC18184CC500EA5A4F /* WeatherSettingsView.h */,
				B54BA0AD18184CC500EA5A4F /* WeatherSettingsView.m */,
				B54BA0B218184D3400EA5A4F /* WeatherSettingsView.xib */,
				B54BA0AF18184CF400EA5A4F /* WeatherView.h */,
				B54BA0B018184CF400EA5A4F /* WeatherView.m */,
				B54BA0B418184D4200EA5A4F /* WeatherView.xib */,
				B5ACBD0A181CAFF20015FBC3 /* WeatherViewController.h */,
				B5ACBD0B181CAFF20015FBC3 /* WeatherViewController.m */,
				B5ACBE0D181E1E820015FBC3 /* HourlyForecastView.h */,
				B5ACBE0E181E1E820015FBC3 /* HourlyForecastView.m */,
				B5ACBE12181E1EB00015FBC3 /* HourlyForecastView.xib */,
			);
			path = Weather;
			sourceTree = "<group>";
		};
		B576B954182640AD006E3E57 /* Calendar */ = {
			isa = PBXGroup;
			children = (
				90D1B7821826FDA800B633ED /* CalendarCell.h */,
				90D1B7831826FDA800B633ED /* CalendarCell.m */,
				90D1B7841826FDA800B633ED /* CalendarCell.xib */,
				90D1B7851826FDA800B633ED /* CalendarListCell.h */,
				90D1B7861826FDA800B633ED /* CalendarListCell.m */,
				90D1B7871826FDA800B633ED /* CalendarListCell.xib */,
				B576B957182640AD006E3E57 /* CalendarSettingsView.h */,
				B576B958182640AD006E3E57 /* CalendarSettingsView.m */,
				B576B959182640AD006E3E57 /* CalendarSettingsView.xib */,
				B576B95A182640AD006E3E57 /* CalendarSettingsViewController.h */,
				B576B95B182640AD006E3E57 /* CalendarSettingsViewController.m */,
				B576B95C182640AD006E3E57 /* CalendarView.h */,
				B576B95D182640AD006E3E57 /* CalendarView.m */,
				B576B95E182640AD006E3E57 /* CalendarView.xib */,
				B576B95F182640AD006E3E57 /* CalendarViewController.h */,
				B576B960182640AD006E3E57 /* CalendarViewController.m */,
			);
			path = Calendar;
			sourceTree = "<group>";
		};
		B5ACBD0F181D8EB70015FBC3 /* Icons */ = {
			isa = PBXGroup;
			children = (
				B5ACBE05181DA74E0015FBC3 /* climacons */,
			);
			name = Icons;
			sourceTree = "<group>";
		};
		B5ACBE05181DA74E0015FBC3 /* climacons */ = {
			isa = PBXGroup;
			children = (
				B5ACBE16181E42CE0015FBC3 /* png */,
			);
			name = climacons;
			sourceTree = "<group>";
		};
		D890E77C105CF73AC09E79F9 /* Countdown */ = {
			isa = PBXGroup;
			children = (
				D890E05E195DF9D554735FE5 /* CountdownView.h */,
				D890E04CD9A2B84B0D039366 /* CountdownView.m */,
				D890EB593EC1CBFD393D9A31 /* CountdownView.xib */,
				D890E2343F16DF80F4C9F577 /* CountdownSettingsView.h */,
				D890E2E2B51A7B642982945C /* CountdownSettingsView.m */,
				D890EB80D97DA49862495E4F /* CountdownSettingsView.xib */,
				D890E22169E8C72960C0B2B6 /* CountdownModel.h */,
				D890E80089732D7667361090 /* CountdownModel.m */,
				D890EB1B418A966411F9ED9D /* CountdownViewController.m */,
				D890E3E5A73DB6CE07FF0F19 /* CountdownViewController.h */,
				D890EF59CE0CBD695D4B372D /* CountdownSettingsViewController.m */,
				D890E1D15D73E1000C57E929 /* CountdownSettingsViewController.h */,
			);
			path = Countdown;
			sourceTree = "<group>";
		};
		D890E8272CB0ED6508E5A471 /* Modules */ = {
			isa = PBXGroup;
			children = (
				90D1B7A01826FE3E00B633ED /* Reminders */,
				B576B954182640AD006E3E57 /* Calendar */,
				B54BA0A51818466E00EA5A4F /* Weather */,
				D890E77C105CF73AC09E79F9 /* Countdown */,
				13477C6218224E22005AF7A6 /* Traffic */,
				13CFE383181F5E6000946D84 /* Twitter */,
				13CFE380181F59A900946D84 /* ModuleController.h */,
				13CFE381181F59A900946D84 /* ModuleController.m */,
			);
			path = Modules;
			sourceTree = "<group>";
		};
		DE3F7F7C1810D3400062126A = {
			isa = PBXGroup;
			children = (
				DE3F7F8E1810D3400062126A /* GoodMorning */,
				DE3F7FA71810D3400062126A /* GoodMorningTests */,
				DE3F7F871810D3400062126A /* Frameworks */,
				DE3F7F861810D3400062126A /* Products */,
				FF9D1F57C73C4B4FAF1A5FB5 /* Pods.xcconfig */,
			);
			sourceTree = "<group>";
		};
		DE3F7F861810D3400062126A /* Products */ = {
			isa = PBXGroup;
			children = (
				DE3F7F851810D3400062126A /* GoodMorning.app */,
				DE3F7FA01810D3400062126A /* GoodMorningTests.xctest */,
			);
			name = Products;
			sourceTree = "<group>";
		};
		DE3F7F871810D3400062126A /* Frameworks */ = {
			isa = PBXGroup;
			children = (
				13477C6A18224F35005AF7A6 /* MapKit.framework */,
				13477C6818224F0D005AF7A6 /* Social.framework */,
				DE3F7F881810D3400062126A /* Foundation.framework */,
				DE3F7F8A1810D3400062126A /* CoreGraphics.framework */,
				DE3F7F8C1810D3400062126A /* UIKit.framework */,
				DE3F7FA11810D3400062126A /* XCTest.framework */,
				F54D0946EA044D879FB9B24D /* libPods.a */,
			);
			name = Frameworks;
			sourceTree = "<group>";
		};
		DE3F7F8E1810D3400062126A /* GoodMorning */ = {
			isa = PBXGroup;
			children = (
				DE3F7F971810D3400062126A /* AppDelegate.h */,
				DE3F7F981810D3400062126A /* AppDelegate.m */,
				DE3F7F9A1810D3400062126A /* Images.xcassets */,
				DE3F7F8F1810D3400062126A /* Supporting Files */,
				D890E8272CB0ED6508E5A471 /* Modules */,
				B5ACBD05181C9B220015FBC3 /* DevelopmentVC.h */,
				B5ACBD06181C9B220015FBC3 /* DevelopmentVC.m */,
				B5ACBD08181C9B360015FBC3 /* DevelopmentVC.xib */,
			);
			path = GoodMorning;
			sourceTree = "<group>";
		};
		DE3F7F8F1810D3400062126A /* Supporting Files */ = {
			isa = PBXGroup;
			children = (
				DE3F7F901810D3400062126A /* GoodMorning-Info.plist */,
				DE3F7F911810D3400062126A /* InfoPlist.strings */,
				DE3F7F941810D3400062126A /* main.m */,
				DE3F7F961810D3400062126A /* GoodMorning-Prefix.pch */,
			);
			name = "Supporting Files";
			sourceTree = "<group>";
		};
		DE3F7FA71810D3400062126A /* GoodMorningTests */ = {
			isa = PBXGroup;
			children = (
				DE3F7FAD1810D3400062126A /* GoodMorningTests.m */,
				DE3F7FA81810D3400062126A /* Supporting Files */,
			);
			path = GoodMorningTests;
			sourceTree = "<group>";
		};
		DE3F7FA81810D3400062126A /* Supporting Files */ = {
			isa = PBXGroup;
			children = (
				DE3F7FA91810D3400062126A /* GoodMorningTests-Info.plist */,
				DE3F7FAA1810D3400062126A /* InfoPlist.strings */,
			);
			name = "Supporting Files";
			sourceTree = "<group>";
		};
/* End PBXGroup section */

/* Begin PBXNativeTarget section */
		DE3F7F841810D3400062126A /* GoodMorning */ = {
			isa = PBXNativeTarget;
			buildConfigurationList = DE3F7FB11810D3400062126A /* Build configuration list for PBXNativeTarget "GoodMorning" */;
			buildPhases = (
				3D29A77FB6044626BC50BD18 /* Check Pods Manifest.lock */,
				DE3F7F811810D3400062126A /* Sources */,
				DE3F7F821810D3400062126A /* Frameworks */,
				DE3F7F831810D3400062126A /* Resources */,
				030A64302CBB40AC863A234C /* Copy Pods Resources */,
			);
			buildRules = (
			);
			dependencies = (
			);
			name = GoodMorning;
			productName = GoodMorning;
			productReference = DE3F7F851810D3400062126A /* GoodMorning.app */;
			productType = "com.apple.product-type.application";
		};
		DE3F7F9F1810D3400062126A /* GoodMorningTests */ = {
			isa = PBXNativeTarget;
			buildConfigurationList = DE3F7FB41810D3400062126A /* Build configuration list for PBXNativeTarget "GoodMorningTests" */;
			buildPhases = (
				DE3F7F9C1810D3400062126A /* Sources */,
				DE3F7F9D1810D3400062126A /* Frameworks */,
				DE3F7F9E1810D3400062126A /* Resources */,
			);
			buildRules = (
			);
			dependencies = (
				DE3F7FA61810D3400062126A /* PBXTargetDependency */,
			);
			name = GoodMorningTests;
			productName = GoodMorningTests;
			productReference = DE3F7FA01810D3400062126A /* GoodMorningTests.xctest */;
			productType = "com.apple.product-type.bundle.unit-test";
		};
/* End PBXNativeTarget section */

/* Begin PBXProject section */
		DE3F7F7D1810D3400062126A /* Project object */ = {
			isa = PBXProject;
			attributes = {
				LastUpgradeCheck = 0500;
				ORGANIZATIONNAME = MakeItRain;
				TargetAttributes = {
					DE3F7F9F1810D3400062126A = {
						TestTargetID = DE3F7F841810D3400062126A /* GoodMorning */;
					};
				};
			};
			buildConfigurationList = DE3F7F801810D3400062126A /* Build configuration list for PBXProject "GoodMorning" */;
			compatibilityVersion = "Xcode 3.2";
			developmentRegion = English;
			hasScannedForEncodings = 0;
			knownRegions = (
				en,
			);
			mainGroup = DE3F7F7C1810D3400062126A;
			productRefGroup = DE3F7F861810D3400062126A /* Products */;
			projectDirPath = "";
			projectRoot = "";
			targets = (
				DE3F7F841810D3400062126A /* GoodMorning */,
				DE3F7F9F1810D3400062126A /* GoodMorningTests */,
			);
		};
/* End PBXProject section */

/* Begin PBXResourcesBuildPhase section */
		DE3F7F831810D3400062126A /* Resources */ = {
			isa = PBXResourcesBuildPhase;
			buildActionMask = 2147483647;
			files = (
				13477C6718224E3C005AF7A6 /* TrafficViewController.xib in Resources */,
				B5ACBE17181E42CE0015FBC3 /* png in Resources */,
				90D1B78B1826FDA800B633ED /* CalendarListCell.xib in Resources */,
				B576B970182640AD006E3E57 /* CalendarSettingsView.xib in Resources */,
				13477C6018224C1A005AF7A6 /* TweetCell.xib in Resources */,
				B576B973182640AD006E3E57 /* CalendarView.xib in Resources */,
				B5ACBE13181E1EB00015FBC3 /* HourlyForecastView.xib in Resources */,
				13477C6118224C1A005AF7A6 /* TwitterViewController.xib in Resources */,
				DE3F7F931810D3400062126A /* InfoPlist.strings in Resources */,
				90D1B7AF1826FE3E00B633ED /* ReminderSettingsView.xib in Resources */,
				90D1B7B21826FE3E00B633ED /* ReminderView.xib in Resources */,
				B54BA0B518184D4200EA5A4F /* WeatherView.xib in Resources */,
				B54BA0B318184D3400EA5A4F /* WeatherSettingsView.xib in Resources */,
				B5ACBD09181C9B360015FBC3 /* DevelopmentVC.xib in Resources */,
				DE3F7F9B1810D3400062126A /* Images.xcassets in Resources */,
				1344440F18276CB1001ECAF9 /* map.html in Resources */,
				90D1B7891826FDA800B633ED /* CalendarCell.xib in Resources */,
				D890E34EDF3CA125B95ECE8C /* CountdownView.xib in Resources */,
				D890E27E7293CF6DE3A2CF09 /* CountdownSettingsView.xib in Resources */,
			);
			runOnlyForDeploymentPostprocessing = 0;
		};
		DE3F7F9E1810D3400062126A /* Resources */ = {
			isa = PBXResourcesBuildPhase;
			buildActionMask = 2147483647;
			files = (
				DE3F7FAC1810D3400062126A /* InfoPlist.strings in Resources */,
			);
			runOnlyForDeploymentPostprocessing = 0;
		};
/* End PBXResourcesBuildPhase section */

/* Begin PBXShellScriptBuildPhase section */
		030A64302CBB40AC863A234C /* Copy Pods Resources */ = {
			isa = PBXShellScriptBuildPhase;
			buildActionMask = 2147483647;
			files = (
			);
			inputPaths = (
			);
			name = "Copy Pods Resources";
			outputPaths = (
			);
			runOnlyForDeploymentPostprocessing = 0;
			shellPath = /bin/sh;
			shellScript = "\"${SRCROOT}/Pods/Pods-resources.sh\"\n";
			showEnvVarsInLog = 0;
		};
		3D29A77FB6044626BC50BD18 /* Check Pods Manifest.lock */ = {
			isa = PBXShellScriptBuildPhase;
			buildActionMask = 2147483647;
			files = (
			);
			inputPaths = (
			);
			name = "Check Pods Manifest.lock";
			outputPaths = (
			);
			runOnlyForDeploymentPostprocessing = 0;
			shellPath = /bin/sh;
			shellScript = "diff \"${PODS_ROOT}/../Podfile.lock\" \"${PODS_ROOT}/Manifest.lock\" > /dev/null\nif [[ $? != 0 ]] ; then\n    cat << EOM\nerror: The sandbox is not in sync with the Podfile.lock. Run 'pod install' or update your CocoaPods installation.\nEOM\n    exit 1\nfi\n";
			showEnvVarsInLog = 0;
		};
/* End PBXShellScriptBuildPhase section */

/* Begin PBXSourcesBuildPhase section */
		DE3F7F811810D3400062126A /* Sources */ = {
			isa = PBXSourcesBuildPhase;
			buildActionMask = 2147483647;
			files = (
				90D1B7B01826FE3E00B633ED /* ReminderSettingsViewController.m in Sources */,
				90D1B7AD1826FE3E00B633ED /* ReminderModel.m in Sources */,
				B576B972182640AD006E3E57 /* CalendarView.m in Sources */,
				B576B974182640AD006E3E57 /* CalendarViewController.m in Sources */,
				90D1B7881826FDA800B633ED /* CalendarCell.m in Sources */,
				90D1B7B31826FE3E00B633ED /* ReminderViewController.m in Sources */,
				130E0DAD182231770043E24F /* User.m in Sources */,
				DE3F7F991810D3400062126A /* AppDelegate.m in Sources */,
				13477C5D182244C2005AF7A6 /* TwitterClient.m in Sources */,
				B5ACBD0C181CAFF20015FBC3 /* WeatherViewController.m in Sources */,
				B54BA0B118184CF400EA5A4F /* WeatherView.m in Sources */,
				B5ACBE0F181E1E820015FBC3 /* HourlyForecastView.m in Sources */,
				B54BA0A81818470600EA5A4F /* WeatherAPI.m in Sources */,
				130E0DB2182232490043E24F /* TweetCell.m in Sources */,
				13477C6618224E3C005AF7A6 /* TrafficViewController.m in Sources */,
				B5ACBD07181C9B220015FBC3 /* DevelopmentVC.m in Sources */,
				DE3F7F951810D3400062126A /* main.m in Sources */,
				13CFE382181F59A900946D84 /* ModuleController.m in Sources */,
				13CFE386181F5EAA00946D84 /* TwitterViewController.m in Sources */,
				B5ACBC39181B64960015FBC3 /* Forecast.m in Sources */,
				B576B96F182640AD006E3E57 /* CalendarSettingsView.m in Sources */,
				90D1B7AE1826FE3E00B633ED /* ReminderSettingsView.m in Sources */,
				B576B971182640AD006E3E57 /* CalendarSettingsViewController.m in Sources */,
				D890E45231B5F8FBF31EF79F /* CountdownView.m in Sources */,
				B54BA0AE18184CC500EA5A4F /* WeatherSettingsView.m in Sources */,
				130E0DAC182231770043E24F /* Tweet.m in Sources */,
				90D1B78A1826FDA800B633ED /* CalendarListCell.m in Sources */,
				90D1B7B11826FE3E00B633ED /* ReminderView.m in Sources */,
				D890E0856743A5EB074C2BC4 /* CountdownSettingsView.m in Sources */,
				B54BA0AB18184C7500EA5A4F /* WeatherModel.m in Sources */,
				D890E95B0BAB03EE6DD660CF /* CountdownModel.m in Sources */,
				D890EEA96C49CF653D73CEA4 /* CountdownViewController.m in Sources */,
				D890EF09560E11A2D82BCE7E /* CountdownSettingsViewController.m in Sources */,
			);
			runOnlyForDeploymentPostprocessing = 0;
		};
		DE3F7F9C1810D3400062126A /* Sources */ = {
			isa = PBXSourcesBuildPhase;
			buildActionMask = 2147483647;
			files = (
				DE3F7FAE1810D3400062126A /* GoodMorningTests.m in Sources */,
			);
			runOnlyForDeploymentPostprocessing = 0;
		};
/* End PBXSourcesBuildPhase section */

/* Begin PBXTargetDependency section */
		DE3F7FA61810D3400062126A /* PBXTargetDependency */ = {
			isa = PBXTargetDependency;
			target = DE3F7F841810D3400062126A /* GoodMorning */;
			targetProxy = DE3F7FA51810D3400062126A /* PBXContainerItemProxy */;
		};
/* End PBXTargetDependency section */

/* Begin PBXVariantGroup section */
		DE3F7F911810D3400062126A /* InfoPlist.strings */ = {
			isa = PBXVariantGroup;
			children = (
				DE3F7F921810D3400062126A /* en */,
			);
			name = InfoPlist.strings;
			sourceTree = "<group>";
		};
		DE3F7FAA1810D3400062126A /* InfoPlist.strings */ = {
			isa = PBXVariantGroup;
			children = (
				DE3F7FAB1810D3400062126A /* en */,
			);
			name = InfoPlist.strings;
			sourceTree = "<group>";
		};
/* End PBXVariantGroup section */

/* Begin XCBuildConfiguration section */
		DE3F7FAF1810D3400062126A /* Debug */ = {
			isa = XCBuildConfiguration;
			buildSettings = {
				ALWAYS_SEARCH_USER_PATHS = NO;
				ARCHS = "$(ARCHS_STANDARD_INCLUDING_64_BIT)";
				CLANG_CXX_LANGUAGE_STANDARD = "gnu++0x";
				CLANG_CXX_LIBRARY = "libc++";
				CLANG_ENABLE_MODULES = YES;
				CLANG_ENABLE_OBJC_ARC = YES;
				CLANG_WARN_BOOL_CONVERSION = YES;
				CLANG_WARN_CONSTANT_CONVERSION = YES;
				CLANG_WARN_DIRECT_OBJC_ISA_USAGE = YES_ERROR;
				CLANG_WARN_EMPTY_BODY = YES;
				CLANG_WARN_ENUM_CONVERSION = YES;
				CLANG_WARN_INT_CONVERSION = YES;
				CLANG_WARN_OBJC_ROOT_CLASS = YES_ERROR;
				CLANG_WARN__DUPLICATE_METHOD_MATCH = YES;
				"CODE_SIGN_IDENTITY[sdk=iphoneos*]" = "iPhone Developer";
				COPY_PHASE_STRIP = NO;
				GCC_C_LANGUAGE_STANDARD = gnu99;
				GCC_DYNAMIC_NO_PIC = NO;
				GCC_OPTIMIZATION_LEVEL = 0;
				GCC_PREPROCESSOR_DEFINITIONS = (
					"DEBUG=1",
					"$(inherited)",
				);
				GCC_SYMBOLS_PRIVATE_EXTERN = NO;
				GCC_WARN_64_TO_32_BIT_CONVERSION = YES;
				GCC_WARN_ABOUT_RETURN_TYPE = YES_ERROR;
				GCC_WARN_UNDECLARED_SELECTOR = YES;
				GCC_WARN_UNINITIALIZED_AUTOS = YES;
				GCC_WARN_UNUSED_FUNCTION = YES;
				GCC_WARN_UNUSED_VARIABLE = YES;
				IPHONEOS_DEPLOYMENT_TARGET = 7.0;
				ONLY_ACTIVE_ARCH = YES;
				SDKROOT = iphoneos;
				TARGETED_DEVICE_FAMILY = "1,2";
			};
			name = Debug;
		};
		DE3F7FB01810D3400062126A /* Release */ = {
			isa = XCBuildConfiguration;
			buildSettings = {
				ALWAYS_SEARCH_USER_PATHS = NO;
				ARCHS = "$(ARCHS_STANDARD_INCLUDING_64_BIT)";
				CLANG_CXX_LANGUAGE_STANDARD = "gnu++0x";
				CLANG_CXX_LIBRARY = "libc++";
				CLANG_ENABLE_MODULES = YES;
				CLANG_ENABLE_OBJC_ARC = YES;
				CLANG_WARN_BOOL_CONVERSION = YES;
				CLANG_WARN_CONSTANT_CONVERSION = YES;
				CLANG_WARN_DIRECT_OBJC_ISA_USAGE = YES_ERROR;
				CLANG_WARN_EMPTY_BODY = YES;
				CLANG_WARN_ENUM_CONVERSION = YES;
				CLANG_WARN_INT_CONVERSION = YES;
				CLANG_WARN_OBJC_ROOT_CLASS = YES_ERROR;
				CLANG_WARN__DUPLICATE_METHOD_MATCH = YES;
				"CODE_SIGN_IDENTITY[sdk=iphoneos*]" = "iPhone Developer";
				COPY_PHASE_STRIP = YES;
				ENABLE_NS_ASSERTIONS = NO;
				GCC_C_LANGUAGE_STANDARD = gnu99;
				GCC_WARN_64_TO_32_BIT_CONVERSION = YES;
				GCC_WARN_ABOUT_RETURN_TYPE = YES_ERROR;
				GCC_WARN_UNDECLARED_SELECTOR = YES;
				GCC_WARN_UNINITIALIZED_AUTOS = YES;
				GCC_WARN_UNUSED_FUNCTION = YES;
				GCC_WARN_UNUSED_VARIABLE = YES;
				IPHONEOS_DEPLOYMENT_TARGET = 7.0;
				SDKROOT = iphoneos;
				TARGETED_DEVICE_FAMILY = "1,2";
				VALIDATE_PRODUCT = YES;
			};
			name = Release;
		};
		DE3F7FB21810D3400062126A /* Debug */ = {
			isa = XCBuildConfiguration;
			baseConfigurationReference = FF9D1F57C73C4B4FAF1A5FB5 /* Pods.xcconfig */;
			buildSettings = {
				ASSETCATALOG_COMPILER_APPICON_NAME = AppIcon;
				ASSETCATALOG_COMPILER_LAUNCHIMAGE_NAME = LaunchImage;
				GCC_PRECOMPILE_PREFIX_HEADER = YES;
				GCC_PREFIX_HEADER = "GoodMorning/GoodMorning-Prefix.pch";
				INFOPLIST_FILE = "GoodMorning/GoodMorning-Info.plist";
				PRODUCT_NAME = "$(TARGET_NAME)";
				TARGETED_DEVICE_FAMILY = 2;
				WRAPPER_EXTENSION = app;
			};
			name = Debug;
		};
		DE3F7FB31810D3400062126A /* Release */ = {
			isa = XCBuildConfiguration;
			baseConfigurationReference = FF9D1F57C73C4B4FAF1A5FB5 /* Pods.xcconfig */;
			buildSettings = {
				ASSETCATALOG_COMPILER_APPICON_NAME = AppIcon;
				ASSETCATALOG_COMPILER_LAUNCHIMAGE_NAME = LaunchImage;
				GCC_PRECOMPILE_PREFIX_HEADER = YES;
				GCC_PREFIX_HEADER = "GoodMorning/GoodMorning-Prefix.pch";
				INFOPLIST_FILE = "GoodMorning/GoodMorning-Info.plist";
				PRODUCT_NAME = "$(TARGET_NAME)";
				TARGETED_DEVICE_FAMILY = 2;
				WRAPPER_EXTENSION = app;
			};
			name = Release;
		};
		DE3F7FB51810D3400062126A /* Debug */ = {
			isa = XCBuildConfiguration;
			buildSettings = {
				ARCHS = "$(ARCHS_STANDARD_INCLUDING_64_BIT)";
				BUNDLE_LOADER = "$(BUILT_PRODUCTS_DIR)/GoodMorning.app/GoodMorning";
				FRAMEWORK_SEARCH_PATHS = (
					"$(SDKROOT)/Developer/Library/Frameworks",
					"$(inherited)",
					"$(DEVELOPER_FRAMEWORKS_DIR)",
				);
				GCC_PRECOMPILE_PREFIX_HEADER = YES;
				GCC_PREFIX_HEADER = "GoodMorning/GoodMorning-Prefix.pch";
				GCC_PREPROCESSOR_DEFINITIONS = (
					"DEBUG=1",
					"$(inherited)",
				);
				INFOPLIST_FILE = "GoodMorningTests/GoodMorningTests-Info.plist";
				PRODUCT_NAME = "$(TARGET_NAME)";
				TEST_HOST = "$(BUNDLE_LOADER)";
				WRAPPER_EXTENSION = xctest;
			};
			name = Debug;
		};
		DE3F7FB61810D3400062126A /* Release */ = {
			isa = XCBuildConfiguration;
			buildSettings = {
				ARCHS = "$(ARCHS_STANDARD_INCLUDING_64_BIT)";
				BUNDLE_LOADER = "$(BUILT_PRODUCTS_DIR)/GoodMorning.app/GoodMorning";
				FRAMEWORK_SEARCH_PATHS = (
					"$(SDKROOT)/Developer/Library/Frameworks",
					"$(inherited)",
					"$(DEVELOPER_FRAMEWORKS_DIR)",
				);
				GCC_PRECOMPILE_PREFIX_HEADER = YES;
				GCC_PREFIX_HEADER = "GoodMorning/GoodMorning-Prefix.pch";
				INFOPLIST_FILE = "GoodMorningTests/GoodMorningTests-Info.plist";
				PRODUCT_NAME = "$(TARGET_NAME)";
				TEST_HOST = "$(BUNDLE_LOADER)";
				WRAPPER_EXTENSION = xctest;
			};
			name = Release;
		};
/* End XCBuildConfiguration section */

/* Begin XCConfigurationList section */
		DE3F7F801810D3400062126A /* Build configuration list for PBXProject "GoodMorning" */ = {
			isa = XCConfigurationList;
			buildConfigurations = (
				DE3F7FAF1810D3400062126A /* Debug */,
				DE3F7FB01810D3400062126A /* Release */,
			);
			defaultConfigurationIsVisible = 0;
			defaultConfigurationName = Release;
		};
		DE3F7FB11810D3400062126A /* Build configuration list for PBXNativeTarget "GoodMorning" */ = {
			isa = XCConfigurationList;
			buildConfigurations = (
				DE3F7FB21810D3400062126A /* Debug */,
				DE3F7FB31810D3400062126A /* Release */,
			);
			defaultConfigurationIsVisible = 0;
			defaultConfigurationName = Release;
		};
		DE3F7FB41810D3400062126A /* Build configuration list for PBXNativeTarget "GoodMorningTests" */ = {
			isa = XCConfigurationList;
			buildConfigurations = (
				DE3F7FB51810D3400062126A /* Debug */,
				DE3F7FB61810D3400062126A /* Release */,
			);
			defaultConfigurationIsVisible = 0;
			defaultConfigurationName = Release;
		};
/* End XCConfigurationList section */
	};
	rootObject = DE3F7F7D1810D3400062126A /* Project object */;
}
